Microsoft Visual Studio Solution File, Format Version 11.00
# Visual Studio 2008

Project("{30647474-BC2F-7982-9E77-0B4C9BBE6CBA}") = "Survivors.alpha", "Assembly-CSharp-firstpass.csproj", "{2B4F0E51-59D4-DD76-3EB9-3C2B56B944F6}"
EndProject
Project("{30647474-BC2F-7982-9E77-0B4C9BBE6CBA}") = "Survivors.alpha", "Assembly-CSharp.csproj", "{75A3A9B6-A834-2289-9F22-97653A208FBA}"
EndProject
Project("{30647474-BC2F-7982-9E77-0B4C9BBE6CBA}") = "Survivors.alpha", "Assembly-CSharp-Editor.csproj", "{9CE6ED61-4465-3616-3D7F-AC7A4A843EA6}"
EndProject
Global
	GlobalSection(SolutionConfigurationPlatforms) = preSolution
		Debug|Any CPU = Debug|Any CPU
		Release|Any CPU = Release|Any CPU
	EndGlobalSection
	GlobalSection(ProjectConfigurationPlatforms) = postSolution
		{2B4F0E51-59D4-DD76-3EB9-3C2B56B944F6}.Debug|Any CPU.ActiveCfg = Debug|Any CPU
		{2B4F0E51-59D4-DD76-3EB9-3C2B56B944F6}.Debug|Any CPU.Build.0 = Debug|Any CPU
		{2B4F0E51-59D4-DD76-3EB9-3C2B56B944F6}.Release|Any CPU.ActiveCfg = Release|Any CPU
		{2B4F0E51-59D4-DD76-3EB9-3C2B56B944F6}.Release|Any CPU.Build.0 = Release|Any CPU
		{75A3A9B6-A834-2289-9F22-97653A208FBA}.Debug|Any CPU.ActiveCfg = Debug|Any CPU
		{75A3A9B6-A834-2289-9F22-97653A208FBA}.Debug|Any CPU.Build.0 = Debug|Any CPU
		{75A3A9B6-A834-2289-9F22-97653A208FBA}.Release|Any CPU.ActiveCfg = Release|Any CPU
		{75A3A9B6-A834-2289-9F22-97653A208FBA}.Release|Any CPU.Build.0 = Release|Any CPU
		{9CE6ED61-4465-3616-3D7F-AC7A4A843EA6}.Debug|Any CPU.ActiveCfg = Debug|Any CPU
		{9CE6ED61-4465-3616-3D7F-AC7A4A843EA6}.Debug|Any CPU.Build.0 = Debug|Any CPU
		{9CE6ED61-4465-3616-3D7F-AC7A4A843EA6}.Release|Any CPU.ActiveCfg = Release|Any CPU
		{9CE6ED61-4465-3616-3D7F-AC7A4A843EA6}.Release|Any CPU.Build.0 = Release|Any CPU
	EndGlobalSection
	GlobalSection(SolutionProperties) = preSolution
		HideSolutionNode = FALSE
	EndGlobalSection
	GlobalSection(MonoDevelopProperties) = preSolution
		StartupItem = Assembly-CSharp.csproj
	EndGlobalSection
EndGlobal
