
Microsoft Visual Studio Solution File, Format Version 12.00
# Visual Studio 2015
Project("{FAE04EC0-301F-11D3-BF4B-00C04F79EFBC}") = "Survivors.alpha.CSharp.Plugins", "Survivors.alpha.CSharp.Plugins.csproj", "{9A9048D3-267A-4D08-C75B-6E4ABC623BD2}"
EndProject
Project("{FAE04EC0-301F-11D3-BF4B-00C04F79EFBC}") = "Survivors.alpha.CSharp", "Survivors.alpha.CSharp.csproj", "{187D7339-4AD8-1ACC-C4D2-56D8DA832200}"
EndProject
Project("{FAE04EC0-301F-11D3-BF4B-00C04F79EFBC}") = "Survivors.alpha.CSharp.Editor", "Survivors.alpha.CSharp.Editor.csproj", "{BDFD5EFF-AAEA-A8CA-CE07-A77F14879C9C}"
EndProject
Global
	GlobalSection(SolutionConfigurationPlatforms) = preSolution
		Debug|Any CPU = Debug|Any CPU
		Release|Any CPU = Release|Any CPU
	EndGlobalSection
	GlobalSection(ProjectConfigurationPlatforms) = postSolution
		{9A9048D3-267A-4D08-C75B-6E4ABC623BD2}.Debug|Any CPU.ActiveCfg = Debug|Any CPU
		{9A9048D3-267A-4D08-C75B-6E4ABC623BD2}.Debug|Any CPU.Build.0 = Debug|Any CPU
		{9A9048D3-267A-4D08-C75B-6E4ABC623BD2}.Release|Any CPU.ActiveCfg = Release|Any CPU
		{9A9048D3-267A-4D08-C75B-6E4ABC623BD2}.Release|Any CPU.Build.0 = Release|Any CPU
		{187D7339-4AD8-1ACC-C4D2-56D8DA832200}.Debug|Any CPU.ActiveCfg = Debug|Any CPU
		{187D7339-4AD8-1ACC-C4D2-56D8DA832200}.Debug|Any CPU.Build.0 = Debug|Any CPU
		{187D7339-4AD8-1ACC-C4D2-56D8DA832200}.Release|Any CPU.ActiveCfg = Release|Any CPU
		{187D7339-4AD8-1ACC-C4D2-56D8DA832200}.Release|Any CPU.Build.0 = Release|Any CPU
		{BDFD5EFF-AAEA-A8CA-CE07-A77F14879C9C}.Debug|Any CPU.ActiveCfg = Debug|Any CPU
		{BDFD5EFF-AAEA-A8CA-CE07-A77F14879C9C}.Debug|Any CPU.Build.0 = Debug|Any CPU
		{BDFD5EFF-AAEA-A8CA-CE07-A77F14879C9C}.Release|Any CPU.ActiveCfg = Release|Any CPU
		{BDFD5EFF-AAEA-A8CA-CE07-A77F14879C9C}.Release|Any CPU.Build.0 = Release|Any CPU
	EndGlobalSection
	GlobalSection(SolutionProperties) = preSolution
		HideSolutionNode = FALSE
	EndGlobalSection
EndGlobal
